
Microsoft Visual Studio Solution File, Format Version 12.00
# Visual Studio Version 17
VisualStudioVersion = 17.3.32922.545
MinimumVisualStudioVersion = 10.0.40219.1
Project("{FAE04EC0-301F-11D3-BF4B-00C04F79EFBC}") = "StringEncyptGenerator", "StringEncyptGenerator\StringEncyptGenerator.csproj", "{52A1694B-7B75-4C5C-8A02-D079DD1EDDAD}"
EndProject
Global
	GlobalSection(SolutionConfigurationPlatforms) = preSolution
		Debug|Any CPU = Debug|Any CPU
		Release|Any CPU = Release|Any CPU
	EndGlobalSection
	GlobalSection(ProjectConfigurationPlatforms) = postSolution
		{52A1694B-7B75-4C5C-8A02-D079DD1EDDAD}.Debug|Any CPU.ActiveCfg = Debug|Any CPU
		{52A1694B-7B75-4C5C-8A02-D079DD1EDDAD}.Debug|Any CPU.Build.0 = Debug|Any CPU
		{52A1694B-7B75-4C5C-8A02-D079DD1EDDAD}.Release|Any CPU.ActiveCfg = Release|Any CPU
		{52A1694B-7B75-4C5C-8A02-D079DD1EDDAD}.Release|Any CPU.Build.0 = Release|Any CPU
	EndGlobalSection
	GlobalSection(SolutionProperties) = preSolution
		HideSolutionNode = FALSE
	EndGlobalSection
	GlobalSection(ExtensibilityGlobals) = postSolution
		SolutionGuid = {1F92DEFE-FF24-49FE-9BA9-B555A7994923}
	EndGlobalSection
EndGlobal
